{
  "version": 4,
  "terraform_version": "1.9.3",
  "serial": 118,
  "lineage": "daac1a69-0b63-99fd-411a-695b18d110e1",
  "outputs": {},
  "resources": [
    {
      "module": "module.rg",
      "mode": "managed",
      "type": "azurerm_resource_group",
      "name": "jiezhu-rg",
      "provider": "provider[\"registry.terraform.io/hashicorp/azurerm\"]",
      "instances": [
        {
          "schema_version": 0,
          "attributes": {
            "id": "/subscriptions/bd19a658-2df5-4b05-aac8-586be205028f/resourceGroups/jiezhu-resources",
            "location": "westeurope",
            "name": "jiezhu-resources",
            "tags": {},
            "timeouts": null
          },
          "sensitive_attributes": [],
          "private": "eyJlMmJmYjczMC1lY2FhLTExZTYtOGY4OC0zNDM2M2JjN2M0YzAiOnsiY3JlYXRlIjo1NDAwMDAwMDAwMDAwLCJkZWxldGUiOjU0MDAwMDAwMDAwMDAsInJlYWQiOjMwMDAwMDAwMDAwMCwidXBkYXRlIjo1NDAwMDAwMDAwMDAwfX0="
        }
      ]
    },
    {
      "module": "module.vnet",
      "mode": "managed",
      "type": "azurerm_virtual_network",
      "name": "jiezhu-vn",
      "provider": "provider[\"registry.terraform.io/hashicorp/azurerm\"]",
      "instances": [
        {
          "schema_version": 0,
          "attributes": {
            "address_space": [
              "10.121.0.0/16"
            ],
            "bgp_community": "",
            "ddos_protection_plan": [],
            "dns_servers": [],
            "flow_timeout_in_minutes": 0,
            "guid": "dafe8444-ba42-4815-afea-fdb9b718cc56",
            "id": "/subscriptions/bd19a658-2df5-4b05-aac8-586be205028f/resourceGroups/jiezhu-resources/providers/Microsoft.Network/virtualNetworks/jiezhu-network",
            "location": "westeurope",
            "name": "jiezhu-network",
            "resource_group_name": "jiezhu-resources",
            "subnet": [
              {
                "address_prefix": "10.121.0.0/24",
                "id": "/subscriptions/bd19a658-2df5-4b05-aac8-586be205028f/resourceGroups/jiezhu-resources/providers/Microsoft.Network/virtualNetworks/jiezhu-network/subnets/jiezhu-subnet",
                "name": "jiezhu-subnet",
                "security_group": "/subscriptions/bd19a658-2df5-4b05-aac8-586be205028f/resourceGroups/jiezhu-resources/providers/Microsoft.Network/networkSecurityGroups/jiezhu-sg"
              },
              {
                "address_prefix": "10.121.1.0/24",
                "id": "/subscriptions/bd19a658-2df5-4b05-aac8-586be205028f/resourceGroups/jiezhu-resources/providers/Microsoft.Network/virtualNetworks/jiezhu-network/subnets/appgateway",
                "name": "appgateway",
                "security_group": ""
              },
              {
                "address_prefix": "10.121.2.0/26",
                "id": "/subscriptions/bd19a658-2df5-4b05-aac8-586be205028f/resourceGroups/jiezhu-resources/providers/Microsoft.Network/virtualNetworks/jiezhu-network/subnets/AzureFirewallSubnet",
                "name": "AzureFirewallSubnet",
                "security_group": ""
              }
            ],
            "tags": {},
            "timeouts": null,
            "vm_protection_enabled": false
          },
          "sensitive_attributes": [],
          "private": "eyJlMmJmYjczMC1lY2FhLTExZTYtOGY4OC0zNDM2M2JjN2M0YzAiOnsiY3JlYXRlIjoxODAwMDAwMDAwMDAwLCJkZWxldGUiOjE4MDAwMDAwMDAwMDAsInJlYWQiOjMwMDAwMDAwMDAwMCwidXBkYXRlIjoxODAwMDAwMDAwMDAwfX0=",
          "dependencies": [
            "module.rg.azurerm_resource_group.jiezhu-rg"
          ]
        }
      ]
    }
  ],
  "check_results": null
}
