{
  "version": 4,
  "terraform_version": "1.9.3",
  "serial": 108,
  "lineage": "daac1a69-0b63-99fd-411a-695b18d110e1",
  "outputs": {},
  "resources": [
    {
      "mode": "managed",
      "type": "random_string",
      "name": "my_random",
      "provider": "provider[\"registry.terraform.io/hashicorp/random\"]",
      "instances": [
        {
          "schema_version": 2,
          "attributes": {
            "id": "cjxvbe",
            "keepers": null,
            "length": 6,
            "lower": true,
            "min_lower": 0,
            "min_numeric": 0,
            "min_special": 0,
            "min_upper": 0,
            "number": false,
            "numeric": false,
            "override_special": null,
            "result": "cjxvbe",
            "special": false,
            "upper": false
          },
          "sensitive_attributes": []
        }
      ]
    },
    {
      "module": "module.ecs",
      "mode": "managed",
      "type": "azurerm_linux_virtual_machine",
      "name": "jiezhu-vm",
      "provider": "provider[\"registry.terraform.io/hashicorp/azurerm\"]",
      "instances": [
        {
          "schema_version": 0,
          "attributes": {
            "additional_capabilities": [],
            "admin_password": null,
            "admin_ssh_key": [
              {
                "public_key": "ssh-rsa AAAAB3NzaC1yc2EAAAADAQABAAABgQDXqAH8mumZWvlx8PQmr2bxo0BrqWL1id0tR/cKaDh4chyUdmlZrXIsMtmcMhw2lzzpp3Zvug3soEwWpWyQoGkezNmnzWUpPq2x+PvqJ2W3aNZBfadGQ2kAssofW54kTa5gBkhxGK+xk5w3gMDZz+0+HGzHlHUNMXjhfMhy1Mzc0jm5pojkZrIXCJpvgl7n6NKnA4NjgEzhYEh+qtB4E6ueCO8OmYwhurXrS/gWNE4GesCVjISoClLb9EzWe2z0BZ56JW+y/Fw1VopMKoGSj/g4LlZWNhlQ7Mn/GvjULJQgeYrOuDlryS6fZEcSG/zHVoaCNcszRzLuPUp6cCOYlFMQln+YlYDtUI09o9iq475WaXaXMz21XInyFoRrqS9BQa5ODDsTE237eyGbkVxV9FaFunpKaxK28D/uKUFUsU27IBTNFnA3gz4PrtpkAdkpW+kCuTEbxtOV6biHC6e9D+A4DM2DKhBGkpO23X4Xz4oKxb3zYjj68G7S8n4SS5mxJyE= lenovo@lenovo-PC\r\n",
                "username": "adminuser"
              }
            ],
            "admin_username": "adminuser",
            "allow_extension_operations": true,
            "availability_set_id": "",
            "boot_diagnostics": [],
            "computer_name": "jiezhu-vm",
            "custom_data": "IyEgL2Jpbi9iYXNoDQoNCnN1ZG8gZG5mIC15IGluc3RhbGwgaHR0cHM6Ly9kbC5mZWRvcmFwcm9qZWN0Lm9yZy9wdWIvZXBlbC9lcGVsLXJlbGVhc2UtbGF0ZXN0LTgubm9hcmNoLnJwbQ0Kc3VkbyBkbmYgLXkgaW5zdGFsbCBhbnNpYmxlDQpzdWRvIHR1bmVkLWFkbSBwcm9maWxlIGJhbGFuY2VkDQo=",
            "dedicated_host_id": "",
            "disable_password_authentication": true,
            "encryption_at_host_enabled": false,
            "eviction_policy": "",
            "extensions_time_budget": "PT1H30M",
            "id": "/subscriptions/bd19a658-2df5-4b05-aac8-586be205028f/resourceGroups/jiezhu-resources/providers/Microsoft.Compute/virtualMachines/jiezhu-vm",
            "identity": [],
            "license_type": "",
            "location": "westeurope",
            "max_bid_price": -1,
            "name": "jiezhu-vm",
            "network_interface_ids": [
              "/subscriptions/bd19a658-2df5-4b05-aac8-586be205028f/resourceGroups/jiezhu-resources/providers/Microsoft.Network/networkInterfaces/jiezhu-nic"
            ],
            "os_disk": [
              {
                "caching": "ReadWrite",
                "diff_disk_settings": [],
                "disk_encryption_set_id": "",
                "disk_size_gb": 64,
                "name": "jiezhu-vm_OsDisk_1_310ea8c04f51403ba2ac19b641b4a332",
                "storage_account_type": "Standard_LRS",
                "write_accelerator_enabled": false
              }
            ],
            "patch_mode": "ImageDefault",
            "plan": [],
            "platform_fault_domain": -1,
            "priority": "Regular",
            "private_ip_address": "10.121.0.4",
            "private_ip_addresses": [
              "10.121.0.4"
            ],
            "provision_vm_agent": true,
            "proximity_placement_group_id": "",
            "public_ip_address": "20.16.156.73",
            "public_ip_addresses": [
              "20.16.156.73"
            ],
            "resource_group_name": "jiezhu-resources",
            "secret": [],
            "secure_boot_enabled": false,
            "size": "Standard_B2s",
            "source_image_id": "",
            "source_image_reference": [
              {
                "offer": "RHEL",
                "publisher": "RedHat",
                "sku": "8-lvm-gen2",
                "version": "latest"
              }
            ],
            "tags": {
              "environment": "dev"
            },
            "timeouts": null,
            "user_data": "",
            "virtual_machine_id": "0bbced08-7c49-4ffa-9e2f-8c7e84a84e84",
            "virtual_machine_scale_set_id": "",
            "vtpm_enabled": false,
            "zone": ""
          },
          "sensitive_attributes": [
            [
              {
                "type": "get_attr",
                "value": "admin_password"
              }
            ],
            [
              {
                "type": "get_attr",
                "value": "custom_data"
              }
            ]
          ],
          "private": "eyJlMmJmYjczMC1lY2FhLTExZTYtOGY4OC0zNDM2M2JjN2M0YzAiOnsiY3JlYXRlIjoyNzAwMDAwMDAwMDAwLCJkZWxldGUiOjI3MDAwMDAwMDAwMDAsInJlYWQiOjMwMDAwMDAwMDAwMCwidXBkYXRlIjoyNzAwMDAwMDAwMDAwfX0=",
          "dependencies": [
            "module.rg.azurerm_resource_group.jiezhu-rg",
            "module.vnet.azurerm_network_interface.jiezhu-nic",
            "module.vnet.azurerm_public_ip.jiezhu-ip",
            "module.vnet.azurerm_subnet.jiezhu-subnet",
            "module.vnet.azurerm_virtual_network.jiezhu-vn"
          ]
        }
      ]
    },
    {
      "module": "module.rg",
      "mode": "managed",
      "type": "azurerm_resource_group",
      "name": "jiezhu-rg",
      "provider": "provider[\"registry.terraform.io/hashicorp/azurerm\"]",
      "instances": [
        {
          "schema_version": 0,
          "attributes": {
            "id": "/subscriptions/bd19a658-2df5-4b05-aac8-586be205028f/resourceGroups/jiezhu-resources",
            "location": "westeurope",
            "name": "jiezhu-resources",
            "tags": {
              "environment": "dev"
            },
            "timeouts": null
          },
          "sensitive_attributes": [],
          "private": "eyJlMmJmYjczMC1lY2FhLTExZTYtOGY4OC0zNDM2M2JjN2M0YzAiOnsiY3JlYXRlIjo1NDAwMDAwMDAwMDAwLCJkZWxldGUiOjU0MDAwMDAwMDAwMDAsInJlYWQiOjMwMDAwMDAwMDAwMCwidXBkYXRlIjo1NDAwMDAwMDAwMDAwfX0="
        }
      ]
    },
    {
      "module": "module.sg",
      "mode": "managed",
      "type": "azurerm_network_security_group",
      "name": "jiezhu-sg",
      "provider": "provider[\"registry.terraform.io/hashicorp/azurerm\"]",
      "instances": [
        {
          "schema_version": 0,
          "attributes": {
            "id": "/subscriptions/bd19a658-2df5-4b05-aac8-586be205028f/resourceGroups/jiezhu-resources/providers/Microsoft.Network/networkSecurityGroups/jiezhu-sg",
            "location": "westeurope",
            "name": "jiezhu-sg",
            "resource_group_name": "jiezhu-resources",
            "security_rule": [],
            "tags": {
              "environment": "dev"
            },
            "timeouts": null
          },
          "sensitive_attributes": [],
          "private": "eyJlMmJmYjczMC1lY2FhLTExZTYtOGY4OC0zNDM2M2JjN2M0YzAiOnsiY3JlYXRlIjoxODAwMDAwMDAwMDAwLCJkZWxldGUiOjE4MDAwMDAwMDAwMDAsInJlYWQiOjMwMDAwMDAwMDAwMCwidXBkYXRlIjoxODAwMDAwMDAwMDAwfX0=",
          "dependencies": [
            "module.rg.azurerm_resource_group.jiezhu-rg"
          ]
        }
      ]
    },
    {
      "module": "module.sg",
      "mode": "managed",
      "type": "azurerm_network_security_rule",
      "name": "jiezhu-rule",
      "provider": "provider[\"registry.terraform.io/hashicorp/azurerm\"]",
      "instances": [
        {
          "schema_version": 0,
          "attributes": {
            "access": "Allow",
            "description": "",
            "destination_address_prefix": "*",
            "destination_address_prefixes": null,
            "destination_application_security_group_ids": null,
            "destination_port_range": "*",
            "destination_port_ranges": null,
            "direction": "Inbound",
            "id": "/subscriptions/bd19a658-2df5-4b05-aac8-586be205028f/resourceGroups/jiezhu-resources/providers/Microsoft.Network/networkSecurityGroups/jiezhu-sg/securityRules/jiezhu-dev-rule",
            "name": "jiezhu-dev-rule",
            "network_security_group_name": "jiezhu-sg",
            "priority": 100,
            "protocol": "*",
            "resource_group_name": "jiezhu-resources",
            "source_address_prefix": "*",
            "source_address_prefixes": null,
            "source_application_security_group_ids": null,
            "source_port_range": "*",
            "source_port_ranges": null,
            "timeouts": null
          },
          "sensitive_attributes": [],
          "private": "eyJlMmJmYjczMC1lY2FhLTExZTYtOGY4OC0zNDM2M2JjN2M0YzAiOnsiY3JlYXRlIjoxODAwMDAwMDAwMDAwLCJkZWxldGUiOjE4MDAwMDAwMDAwMDAsInJlYWQiOjMwMDAwMDAwMDAwMCwidXBkYXRlIjoxODAwMDAwMDAwMDAwfX0=",
          "dependencies": [
            "module.rg.azurerm_resource_group.jiezhu-rg",
            "module.sg.azurerm_network_security_group.jiezhu-sg"
          ]
        }
      ]
    },
    {
      "module": "module.sg",
      "mode": "managed",
      "type": "azurerm_subnet_network_security_group_association",
      "name": "jiezhu-asso",
      "provider": "provider[\"registry.terraform.io/hashicorp/azurerm\"]",
      "instances": [
        {
          "schema_version": 0,
          "attributes": {
            "id": "/subscriptions/bd19a658-2df5-4b05-aac8-586be205028f/resourceGroups/jiezhu-resources/providers/Microsoft.Network/virtualNetworks/jiezhu-network/subnets/jiezhu-subnet",
            "network_security_group_id": "/subscriptions/bd19a658-2df5-4b05-aac8-586be205028f/resourceGroups/jiezhu-resources/providers/Microsoft.Network/networkSecurityGroups/jiezhu-sg",
            "subnet_id": "/subscriptions/bd19a658-2df5-4b05-aac8-586be205028f/resourceGroups/jiezhu-resources/providers/Microsoft.Network/virtualNetworks/jiezhu-network/subnets/jiezhu-subnet",
            "timeouts": null
          },
          "sensitive_attributes": [],
          "private": "eyJlMmJmYjczMC1lY2FhLTExZTYtOGY4OC0zNDM2M2JjN2M0YzAiOnsiY3JlYXRlIjoxODAwMDAwMDAwMDAwLCJkZWxldGUiOjE4MDAwMDAwMDAwMDAsInJlYWQiOjMwMDAwMDAwMDAwMCwidXBkYXRlIjoxODAwMDAwMDAwMDAwfX0=",
          "dependencies": [
            "module.rg.azurerm_resource_group.jiezhu-rg",
            "module.sg.azurerm_network_security_group.jiezhu-sg",
            "module.vnet.azurerm_subnet.jiezhu-subnet",
            "module.vnet.azurerm_virtual_network.jiezhu-vn"
          ]
        }
      ]
    },
    {
      "module": "module.vnet",
      "mode": "data",
      "type": "azurerm_public_ip",
      "name": "jiezhu-ip-data",
      "provider": "provider[\"registry.terraform.io/hashicorp/azurerm\"]",
      "instances": [
        {
          "schema_version": 0,
          "attributes": {
            "allocation_method": "Dynamic",
            "domain_name_label": "",
            "fqdn": "",
            "id": "/subscriptions/bd19a658-2df5-4b05-aac8-586be205028f/resourceGroups/jiezhu-resources/providers/Microsoft.Network/publicIPAddresses/zhujie-ip",
            "idle_timeout_in_minutes": 4,
            "ip_address": "",
            "ip_tags": {},
            "ip_version": "IPv4",
            "location": "westeurope",
            "name": "zhujie-ip",
            "resource_group_name": "jiezhu-resources",
            "reverse_fqdn": "",
            "sku": "Basic",
            "tags": {
              "environment": "dev"
            },
            "timeouts": null,
            "zones": []
          },
          "sensitive_attributes": []
        }
      ]
    },
    {
      "module": "module.vnet",
      "mode": "managed",
      "type": "azurerm_network_interface",
      "name": "jiezhu-nic",
      "provider": "provider[\"registry.terraform.io/hashicorp/azurerm\"]",
      "instances": [
        {
          "schema_version": 0,
          "attributes": {
            "applied_dns_servers": [],
            "dns_servers": [],
            "enable_accelerated_networking": false,
            "enable_ip_forwarding": false,
            "id": "/subscriptions/bd19a658-2df5-4b05-aac8-586be205028f/resourceGroups/jiezhu-resources/providers/Microsoft.Network/networkInterfaces/jiezhu-nic",
            "internal_dns_name_label": "",
            "internal_domain_name_suffix": "iscp3wscxikurl5k5w21oggmkg.ax.internal.cloudapp.net",
            "ip_configuration": [
              {
                "gateway_load_balancer_frontend_ip_configuration_id": "",
                "name": "jiezhuconfig",
                "primary": true,
                "private_ip_address": "10.121.0.4",
                "private_ip_address_allocation": "Dynamic",
                "private_ip_address_version": "IPv4",
                "public_ip_address_id": "/subscriptions/bd19a658-2df5-4b05-aac8-586be205028f/resourceGroups/jiezhu-resources/providers/Microsoft.Network/publicIPAddresses/zhujie-ip",
                "subnet_id": "/subscriptions/bd19a658-2df5-4b05-aac8-586be205028f/resourceGroups/jiezhu-resources/providers/Microsoft.Network/virtualNetworks/jiezhu-network/subnets/jiezhu-subnet"
              }
            ],
            "location": "westeurope",
            "mac_address": "",
            "name": "jiezhu-nic",
            "private_ip_address": "10.121.0.4",
            "private_ip_addresses": [
              "10.121.0.4"
            ],
            "resource_group_name": "jiezhu-resources",
            "tags": {
              "environment": "dev"
            },
            "timeouts": null,
            "virtual_machine_id": ""
          },
          "sensitive_attributes": [],
          "private": "eyJlMmJmYjczMC1lY2FhLTExZTYtOGY4OC0zNDM2M2JjN2M0YzAiOnsiY3JlYXRlIjoxODAwMDAwMDAwMDAwLCJkZWxldGUiOjE4MDAwMDAwMDAwMDAsInJlYWQiOjMwMDAwMDAwMDAwMCwidXBkYXRlIjoxODAwMDAwMDAwMDAwfX0=",
          "dependencies": [
            "module.rg.azurerm_resource_group.jiezhu-rg",
            "module.vnet.azurerm_public_ip.jiezhu-ip",
            "module.vnet.azurerm_subnet.jiezhu-subnet",
            "module.vnet.azurerm_virtual_network.jiezhu-vn"
          ]
        }
      ]
    },
    {
      "module": "module.vnet",
      "mode": "managed",
      "type": "azurerm_public_ip",
      "name": "jiezhu-ip",
      "provider": "provider[\"registry.terraform.io/hashicorp/azurerm\"]",
      "instances": [
        {
          "schema_version": 0,
          "attributes": {
            "allocation_method": "Dynamic",
            "availability_zone": "No-Zone",
            "domain_name_label": null,
            "fqdn": null,
            "id": "/subscriptions/bd19a658-2df5-4b05-aac8-586be205028f/resourceGroups/jiezhu-resources/providers/Microsoft.Network/publicIPAddresses/zhujie-ip",
            "idle_timeout_in_minutes": 4,
            "ip_address": "",
            "ip_tags": null,
            "ip_version": "IPv4",
            "location": "westeurope",
            "name": "zhujie-ip",
            "public_ip_prefix_id": null,
            "resource_group_name": "jiezhu-resources",
            "reverse_fqdn": null,
            "sku": "Basic",
            "sku_tier": "Regional",
            "tags": {
              "environment": "dev"
            },
            "timeouts": null,
            "zones": []
          },
          "sensitive_attributes": [],
          "private": "eyJlMmJmYjczMC1lY2FhLTExZTYtOGY4OC0zNDM2M2JjN2M0YzAiOnsiY3JlYXRlIjoxODAwMDAwMDAwMDAwLCJkZWxldGUiOjE4MDAwMDAwMDAwMDAsInJlYWQiOjMwMDAwMDAwMDAwMCwidXBkYXRlIjoxODAwMDAwMDAwMDAwfX0=",
          "dependencies": [
            "module.rg.azurerm_resource_group.jiezhu-rg"
          ]
        }
      ]
    },
    {
      "module": "module.vnet",
      "mode": "managed",
      "type": "azurerm_subnet",
      "name": "jiezhu-subnet",
      "provider": "provider[\"registry.terraform.io/hashicorp/azurerm\"]",
      "instances": [
        {
          "schema_version": 0,
          "attributes": {
            "address_prefix": "10.121.0.0/24",
            "address_prefixes": [
              "10.121.0.0/24"
            ],
            "delegation": [],
            "enforce_private_link_endpoint_network_policies": false,
            "enforce_private_link_service_network_policies": false,
            "id": "/subscriptions/bd19a658-2df5-4b05-aac8-586be205028f/resourceGroups/jiezhu-resources/providers/Microsoft.Network/virtualNetworks/jiezhu-network/subnets/jiezhu-subnet",
            "name": "jiezhu-subnet",
            "resource_group_name": "jiezhu-resources",
            "service_endpoint_policy_ids": null,
            "service_endpoints": null,
            "timeouts": null,
            "virtual_network_name": "jiezhu-network"
          },
          "sensitive_attributes": [],
          "private": "eyJlMmJmYjczMC1lY2FhLTExZTYtOGY4OC0zNDM2M2JjN2M0YzAiOnsiY3JlYXRlIjoxODAwMDAwMDAwMDAwLCJkZWxldGUiOjE4MDAwMDAwMDAwMDAsInJlYWQiOjMwMDAwMDAwMDAwMCwidXBkYXRlIjoxODAwMDAwMDAwMDAwfX0=",
          "dependencies": [
            "module.rg.azurerm_resource_group.jiezhu-rg",
            "module.vnet.azurerm_virtual_network.jiezhu-vn"
          ]
        }
      ]
    },
    {
      "module": "module.vnet",
      "mode": "managed",
      "type": "azurerm_virtual_network",
      "name": "jiezhu-vn",
      "provider": "provider[\"registry.terraform.io/hashicorp/azurerm\"]",
      "instances": [
        {
          "schema_version": 0,
          "attributes": {
            "address_space": [
              "10.121.0.0/16"
            ],
            "bgp_community": "",
            "ddos_protection_plan": [],
            "dns_servers": [],
            "flow_timeout_in_minutes": 0,
            "guid": "dafe8444-ba42-4815-afea-fdb9b718cc56",
            "id": "/subscriptions/bd19a658-2df5-4b05-aac8-586be205028f/resourceGroups/jiezhu-resources/providers/Microsoft.Network/virtualNetworks/jiezhu-network",
            "location": "westeurope",
            "name": "jiezhu-network",
            "resource_group_name": "jiezhu-resources",
            "subnet": [],
            "tags": {
              "environment": "dev"
            },
            "timeouts": null,
            "vm_protection_enabled": false
          },
          "sensitive_attributes": [],
          "private": "eyJlMmJmYjczMC1lY2FhLTExZTYtOGY4OC0zNDM2M2JjN2M0YzAiOnsiY3JlYXRlIjoxODAwMDAwMDAwMDAwLCJkZWxldGUiOjE4MDAwMDAwMDAwMDAsInJlYWQiOjMwMDAwMDAwMDAwMCwidXBkYXRlIjoxODAwMDAwMDAwMDAwfX0=",
          "dependencies": [
            "module.rg.azurerm_resource_group.jiezhu-rg"
          ]
        }
      ]
    }
  ],
  "check_results": null
}
